
Microsoft Visual Studio Solution File, Format Version 12.00
# Visual Studio Version 17
VisualStudioVersion = 17.8.34525.116
MinimumVisualStudioVersion = 10.0.40219.1
Project("{FAE04EC0-301F-11D3-BF4B-00C04F79EFBC}") = "Лаб 1 упр 2", "Лаб 1 упр 2\Лаб 1 упр 2.csproj", "{2B4D93DE-90A6-4223-8A2B-CD26286CF440}"
EndProject
Global
	GlobalSection(SolutionConfigurationPlatforms) = preSolution
		Debug|Any CPU = Debug|Any CPU
		Release|Any CPU = Release|Any CPU
	EndGlobalSection
	GlobalSection(ProjectConfigurationPlatforms) = postSolution
		{2B4D93DE-90A6-4223-8A2B-CD26286CF440}.Debug|Any CPU.ActiveCfg = Debug|Any CPU
		{2B4D93DE-90A6-4223-8A2B-CD26286CF440}.Debug|Any CPU.Build.0 = Debug|Any CPU
		{2B4D93DE-90A6-4223-8A2B-CD26286CF440}.Release|Any CPU.ActiveCfg = Release|Any CPU
		{2B4D93DE-90A6-4223-8A2B-CD26286CF440}.Release|Any CPU.Build.0 = Release|Any CPU
	EndGlobalSection
	GlobalSection(SolutionProperties) = preSolution
		HideSolutionNode = FALSE
	EndGlobalSection
	GlobalSection(ExtensibilityGlobals) = postSolution
		SolutionGuid = {F0883541-26E5-4773-8698-9A58B7A67982}
	EndGlobalSection
EndGlobal
